
Microsoft Visual Studio Solution File, Format Version 12.00
# Visual Studio Version 17
VisualStudioVersion = 17.8.34525.116
MinimumVisualStudioVersion = 10.0.40219.1
Project("{8BC9CEB8-8B4A-11D0-8D11-00A0C91BC942}") = "ALL_BUILD", "ALL_BUILD.vcxproj", "{E3C00E6E-235C-31D3-B298-A73FE9E7EFC5}"
	ProjectSection(ProjectDependencies) = postProject
		{CC75435C-29E3-38FD-AE1E-98EA53DE3338} = {CC75435C-29E3-38FD-AE1E-98EA53DE3338}
		{CEA40527-6674-33A6-9060-325047CDDD24} = {CEA40527-6674-33A6-9060-325047CDDD24}
		{FF37312A-368A-3902-B277-7900AB8B39C8} = {FF37312A-368A-3902-B277-7900AB8B39C8}
		{FB9D8338-1841-3C05-89E4-12B8753E352F} = {FB9D8338-1841-3C05-89E4-12B8753E352F}
	EndProjectSection
EndProject
Project("{8BC9CEB8-8B4A-11D0-8D11-00A0C91BC942}") = "INSTALL", "INSTALL.vcxproj", "{85705515-E2D1-3C41-BE35-0B0F8B1EFCE5}"
	ProjectSection(ProjectDependencies) = postProject
		{E3C00E6E-235C-31D3-B298-A73FE9E7EFC5} = {E3C00E6E-235C-31D3-B298-A73FE9E7EFC5}
		{FF37312A-368A-3902-B277-7900AB8B39C8} = {FF37312A-368A-3902-B277-7900AB8B39C8}
	EndProjectSection
EndProject
Project("{8BC9CEB8-8B4A-11D0-8D11-00A0C91BC942}") = "SQLiteCpp", "SQLiteCpp.vcxproj", "{CC75435C-29E3-38FD-AE1E-98EA53DE3338}"
	ProjectSection(ProjectDependencies) = postProject
		{FF37312A-368A-3902-B277-7900AB8B39C8} = {FF37312A-368A-3902-B277-7900AB8B39C8}
		{FB9D8338-1841-3C05-89E4-12B8753E352F} = {FB9D8338-1841-3C05-89E4-12B8753E352F}
	EndProjectSection
EndProject
Project("{8BC9CEB8-8B4A-11D0-8D11-00A0C91BC942}") = "SQLiteCpp_cpplint", "SQLiteCpp_cpplint.vcxproj", "{CEA40527-6674-33A6-9060-325047CDDD24}"
	ProjectSection(ProjectDependencies) = postProject
		{FF37312A-368A-3902-B277-7900AB8B39C8} = {FF37312A-368A-3902-B277-7900AB8B39C8}
	EndProjectSection
EndProject
Project("{8BC9CEB8-8B4A-11D0-8D11-00A0C91BC942}") = "ZERO_CHECK", "ZERO_CHECK.vcxproj", "{FF37312A-368A-3902-B277-7900AB8B39C8}"
EndProject
Project("{8BC9CEB8-8B4A-11D0-8D11-00A0C91BC942}") = "sqlite3", "sqlite3\sqlite3.vcxproj", "{FB9D8338-1841-3C05-89E4-12B8753E352F}"
	ProjectSection(ProjectDependencies) = postProject
		{FF37312A-368A-3902-B277-7900AB8B39C8} = {FF37312A-368A-3902-B277-7900AB8B39C8}
	EndProjectSection
EndProject
Global
	GlobalSection(SolutionConfigurationPlatforms) = preSolution
		Debug|Win32 = Debug|Win32
		Debug|x64 = Debug|x64
		Debug|x86 = Debug|x86
		MinSizeRel|Win32 = MinSizeRel|Win32
		MinSizeRel|x64 = MinSizeRel|x64
		MinSizeRel|x86 = MinSizeRel|x86
		Release|Win32 = Release|Win32
		Release|x64 = Release|x64
		Release|x86 = Release|x86
		RelWithDebInfo|Win32 = RelWithDebInfo|Win32
		RelWithDebInfo|x64 = RelWithDebInfo|x64
		RelWithDebInfo|x86 = RelWithDebInfo|x86
	EndGlobalSection
	GlobalSection(ProjectConfigurationPlatforms) = postSolution
		{E3C00E6E-235C-31D3-B298-A73FE9E7EFC5}.Debug|Win32.ActiveCfg = Debug|Win32
		{E3C00E6E-235C-31D3-B298-A73FE9E7EFC5}.Debug|Win32.Build.0 = Debug|Win32
		{E3C00E6E-235C-31D3-B298-A73FE9E7EFC5}.Debug|x64.ActiveCfg = Debug|x64
		{E3C00E6E-235C-31D3-B298-A73FE9E7EFC5}.Debug|x64.Build.0 = Debug|x64
		{E3C00E6E-235C-31D3-B298-A73FE9E7EFC5}.Debug|x86.ActiveCfg = Debug|Win32
		{E3C00E6E-235C-31D3-B298-A73FE9E7EFC5}.Debug|x86.Build.0 = Debug|Win32
		{E3C00E6E-235C-31D3-B298-A73FE9E7EFC5}.MinSizeRel|Win32.ActiveCfg = MinSizeRel|Win32
		{E3C00E6E-235C-31D3-B298-A73FE9E7EFC5}.MinSizeRel|Win32.Build.0 = MinSizeRel|Win32
		{E3C00E6E-235C-31D3-B298-A73FE9E7EFC5}.MinSizeRel|x64.ActiveCfg = MinSizeRel|x64
		{E3C00E6E-235C-31D3-B298-A73FE9E7EFC5}.MinSizeRel|x64.Build.0 = MinSizeRel|x64
		{E3C00E6E-235C-31D3-B298-A73FE9E7EFC5}.MinSizeRel|x86.ActiveCfg = MinSizeRel|Win32
		{E3C00E6E-235C-31D3-B298-A73FE9E7EFC5}.MinSizeRel|x86.Build.0 = MinSizeRel|Win32
		{E3C00E6E-235C-31D3-B298-A73FE9E7EFC5}.Release|Win32.ActiveCfg = Release|Win32
		{E3C00E6E-235C-31D3-B298-A73FE9E7EFC5}.Release|Win32.Build.0 = Release|Win32
		{E3C00E6E-235C-31D3-B298-A73FE9E7EFC5}.Release|x64.ActiveCfg = Release|x64
		{E3C00E6E-235C-31D3-B298-A73FE9E7EFC5}.Release|x64.Build.0 = Release|x64
		{E3C00E6E-235C-31D3-B298-A73FE9E7EFC5}.Release|x86.ActiveCfg = Release|Win32
		{E3C00E6E-235C-31D3-B298-A73FE9E7EFC5}.Release|x86.Build.0 = Release|Win32
		{E3C00E6E-235C-31D3-B298-A73FE9E7EFC5}.RelWithDebInfo|Win32.ActiveCfg = RelWithDebInfo|Win32
		{E3C00E6E-235C-31D3-B298-A73FE9E7EFC5}.RelWithDebInfo|Win32.Build.0 = RelWithDebInfo|Win32
		{E3C00E6E-235C-31D3-B298-A73FE9E7EFC5}.RelWithDebInfo|x64.ActiveCfg = RelWithDebInfo|x64
		{E3C00E6E-235C-31D3-B298-A73FE9E7EFC5}.RelWithDebInfo|x64.Build.0 = RelWithDebInfo|x64
		{E3C00E6E-235C-31D3-B298-A73FE9E7EFC5}.RelWithDebInfo|x86.ActiveCfg = RelWithDebInfo|Win32
		{E3C00E6E-235C-31D3-B298-A73FE9E7EFC5}.RelWithDebInfo|x86.Build.0 = RelWithDebInfo|Win32
		{85705515-E2D1-3C41-BE35-0B0F8B1EFCE5}.Debug|Win32.ActiveCfg = Debug|Win32
		{85705515-E2D1-3C41-BE35-0B0F8B1EFCE5}.Debug|Win32.Build.0 = Debug|Win32
		{85705515-E2D1-3C41-BE35-0B0F8B1EFCE5}.Debug|x64.ActiveCfg = Debug|x64
		{85705515-E2D1-3C41-BE35-0B0F8B1EFCE5}.Debug|x86.ActiveCfg = Debug|Win32
		{85705515-E2D1-3C41-BE35-0B0F8B1EFCE5}.Debug|x86.Build.0 = Debug|Win32
		{85705515-E2D1-3C41-BE35-0B0F8B1EFCE5}.MinSizeRel|Win32.ActiveCfg = MinSizeRel|Win32
		{85705515-E2D1-3C41-BE35-0B0F8B1EFCE5}.MinSizeRel|Win32.Build.0 = MinSizeRel|Win32
		{85705515-E2D1-3C41-BE35-0B0F8B1EFCE5}.MinSizeRel|x64.ActiveCfg = MinSizeRel|x64
		{85705515-E2D1-3C41-BE35-0B0F8B1EFCE5}.MinSizeRel|x86.ActiveCfg = MinSizeRel|Win32
		{85705515-E2D1-3C41-BE35-0B0F8B1EFCE5}.MinSizeRel|x86.Build.0 = MinSizeRel|Win32
		{85705515-E2D1-3C41-BE35-0B0F8B1EFCE5}.Release|Win32.ActiveCfg = Release|Win32
		{85705515-E2D1-3C41-BE35-0B0F8B1EFCE5}.Release|Win32.Build.0 = Release|Win32
		{85705515-E2D1-3C41-BE35-0B0F8B1EFCE5}.Release|x64.ActiveCfg = Release|x64
		{85705515-E2D1-3C41-BE35-0B0F8B1EFCE5}.Release|x86.ActiveCfg = Release|Win32
		{85705515-E2D1-3C41-BE35-0B0F8B1EFCE5}.Release|x86.Build.0 = Release|Win32
		{85705515-E2D1-3C41-BE35-0B0F8B1EFCE5}.RelWithDebInfo|Win32.ActiveCfg = RelWithDebInfo|Win32
		{85705515-E2D1-3C41-BE35-0B0F8B1EFCE5}.RelWithDebInfo|Win32.Build.0 = RelWithDebInfo|Win32
		{85705515-E2D1-3C41-BE35-0B0F8B1EFCE5}.RelWithDebInfo|x64.ActiveCfg = RelWithDebInfo|x64
		{85705515-E2D1-3C41-BE35-0B0F8B1EFCE5}.RelWithDebInfo|x86.ActiveCfg = RelWithDebInfo|Win32
		{85705515-E2D1-3C41-BE35-0B0F8B1EFCE5}.RelWithDebInfo|x86.Build.0 = RelWithDebInfo|Win32
		{CC75435C-29E3-38FD-AE1E-98EA53DE3338}.Debug|Win32.ActiveCfg = Debug|Win32
		{CC75435C-29E3-38FD-AE1E-98EA53DE3338}.Debug|Win32.Build.0 = Debug|Win32
		{CC75435C-29E3-38FD-AE1E-98EA53DE3338}.Debug|x64.ActiveCfg = Debug|x64
		{CC75435C-29E3-38FD-AE1E-98EA53DE3338}.Debug|x64.Build.0 = Debug|x64
		{CC75435C-29E3-38FD-AE1E-98EA53DE3338}.Debug|x86.ActiveCfg = Debug|Win32
		{CC75435C-29E3-38FD-AE1E-98EA53DE3338}.Debug|x86.Build.0 = Debug|Win32
		{CC75435C-29E3-38FD-AE1E-98EA53DE3338}.MinSizeRel|Win32.ActiveCfg = MinSizeRel|Win32
		{CC75435C-29E3-38FD-AE1E-98EA53DE3338}.MinSizeRel|Win32.Build.0 = MinSizeRel|Win32
		{CC75435C-29E3-38FD-AE1E-98EA53DE3338}.MinSizeRel|x64.ActiveCfg = MinSizeRel|x64
		{CC75435C-29E3-38FD-AE1E-98EA53DE3338}.MinSizeRel|x64.Build.0 = MinSizeRel|x64
		{CC75435C-29E3-38FD-AE1E-98EA53DE3338}.MinSizeRel|x86.ActiveCfg = MinSizeRel|Win32
		{CC75435C-29E3-38FD-AE1E-98EA53DE3338}.MinSizeRel|x86.Build.0 = MinSizeRel|Win32
		{CC75435C-29E3-38FD-AE1E-98EA53DE3338}.Release|Win32.ActiveCfg = Release|Win32
		{CC75435C-29E3-38FD-AE1E-98EA53DE3338}.Release|Win32.Build.0 = Release|Win32
		{CC75435C-29E3-38FD-AE1E-98EA53DE3338}.Release|x64.ActiveCfg = Release|x64
		{CC75435C-29E3-38FD-AE1E-98EA53DE3338}.Release|x64.Build.0 = Release|x64
		{CC75435C-29E3-38FD-AE1E-98EA53DE3338}.Release|x86.ActiveCfg = Release|Win32
		{CC75435C-29E3-38FD-AE1E-98EA53DE3338}.Release|x86.Build.0 = Release|Win32
		{CC75435C-29E3-38FD-AE1E-98EA53DE3338}.RelWithDebInfo|Win32.ActiveCfg = RelWithDebInfo|Win32
		{CC75435C-29E3-38FD-AE1E-98EA53DE3338}.RelWithDebInfo|Win32.Build.0 = RelWithDebInfo|Win32
		{CC75435C-29E3-38FD-AE1E-98EA53DE3338}.RelWithDebInfo|x64.ActiveCfg = RelWithDebInfo|x64
		{CC75435C-29E3-38FD-AE1E-98EA53DE3338}.RelWithDebInfo|x64.Build.0 = RelWithDebInfo|x64
		{CC75435C-29E3-38FD-AE1E-98EA53DE3338}.RelWithDebInfo|x86.ActiveCfg = RelWithDebInfo|Win32
		{CC75435C-29E3-38FD-AE1E-98EA53DE3338}.RelWithDebInfo|x86.Build.0 = RelWithDebInfo|Win32
		{CEA40527-6674-33A6-9060-325047CDDD24}.Debug|Win32.ActiveCfg = Debug|Win32
		{CEA40527-6674-33A6-9060-325047CDDD24}.Debug|Win32.Build.0 = Debug|Win32
		{CEA40527-6674-33A6-9060-325047CDDD24}.Debug|x64.ActiveCfg = Debug|x64
		{CEA40527-6674-33A6-9060-325047CDDD24}.Debug|x64.Build.0 = Debug|x64
		{CEA40527-6674-33A6-9060-325047CDDD24}.Debug|x86.ActiveCfg = Debug|Win32
		{CEA40527-6674-33A6-9060-325047CDDD24}.Debug|x86.Build.0 = Debug|Win32
		{CEA40527-6674-33A6-9060-325047CDDD24}.MinSizeRel|Win32.ActiveCfg = MinSizeRel|Win32
		{CEA40527-6674-33A6-9060-325047CDDD24}.MinSizeRel|Win32.Build.0 = MinSizeRel|Win32
		{CEA40527-6674-33A6-9060-325047CDDD24}.MinSizeRel|x64.ActiveCfg = MinSizeRel|x64
		{CEA40527-6674-33A6-9060-325047CDDD24}.MinSizeRel|x64.Build.0 = MinSizeRel|x64
		{CEA40527-6674-33A6-9060-325047CDDD24}.MinSizeRel|x86.ActiveCfg = MinSizeRel|Win32
		{CEA40527-6674-33A6-9060-325047CDDD24}.MinSizeRel|x86.Build.0 = MinSizeRel|Win32
		{CEA40527-6674-33A6-9060-325047CDDD24}.Release|Win32.ActiveCfg = Release|Win32
		{CEA40527-6674-33A6-9060-325047CDDD24}.Release|Win32.Build.0 = Release|Win32
		{CEA40527-6674-33A6-9060-325047CDDD24}.Release|x64.ActiveCfg = Release|x64
		{CEA40527-6674-33A6-9060-325047CDDD24}.Release|x64.Build.0 = Release|x64
		{CEA40527-6674-33A6-9060-325047CDDD24}.Release|x86.ActiveCfg = Release|Win32
		{CEA40527-6674-33A6-9060-325047CDDD24}.Release|x86.Build.0 = Release|Win32
		{CEA40527-6674-33A6-9060-325047CDDD24}.RelWithDebInfo|Win32.ActiveCfg = RelWithDebInfo|Win32
		{CEA40527-6674-33A6-9060-325047CDDD24}.RelWithDebInfo|Win32.Build.0 = RelWithDebInfo|Win32
		{CEA40527-6674-33A6-9060-325047CDDD24}.RelWithDebInfo|x64.ActiveCfg = RelWithDebInfo|x64
		{CEA40527-6674-33A6-9060-325047CDDD24}.RelWithDebInfo|x64.Build.0 = RelWithDebInfo|x64
		{CEA40527-6674-33A6-9060-325047CDDD24}.RelWithDebInfo|x86.ActiveCfg = RelWithDebInfo|Win32
		{CEA40527-6674-33A6-9060-325047CDDD24}.RelWithDebInfo|x86.Build.0 = RelWithDebInfo|Win32
		{FF37312A-368A-3902-B277-7900AB8B39C8}.Debug|Win32.ActiveCfg = Debug|Win32
		{FF37312A-368A-3902-B277-7900AB8B39C8}.Debug|Win32.Build.0 = Debug|Win32
		{FF37312A-368A-3902-B277-7900AB8B39C8}.Debug|x64.ActiveCfg = Debug|x64
		{FF37312A-368A-3902-B277-7900AB8B39C8}.Debug|x64.Build.0 = Debug|x64
		{FF37312A-368A-3902-B277-7900AB8B39C8}.Debug|x86.ActiveCfg = Debug|Win32
		{FF37312A-368A-3902-B277-7900AB8B39C8}.Debug|x86.Build.0 = Debug|Win32
		{FF37312A-368A-3902-B277-7900AB8B39C8}.MinSizeRel|Win32.ActiveCfg = MinSizeRel|Win32
		{FF37312A-368A-3902-B277-7900AB8B39C8}.MinSizeRel|Win32.Build.0 = MinSizeRel|Win32
		{FF37312A-368A-3902-B277-7900AB8B39C8}.MinSizeRel|x64.ActiveCfg = MinSizeRel|x64
		{FF37312A-368A-3902-B277-7900AB8B39C8}.MinSizeRel|x64.Build.0 = MinSizeRel|x64
		{FF37312A-368A-3902-B277-7900AB8B39C8}.MinSizeRel|x86.ActiveCfg = MinSizeRel|Win32
		{FF37312A-368A-3902-B277-7900AB8B39C8}.MinSizeRel|x86.Build.0 = MinSizeRel|Win32
		{FF37312A-368A-3902-B277-7900AB8B39C8}.Release|Win32.ActiveCfg = Release|Win32
		{FF37312A-368A-3902-B277-7900AB8B39C8}.Release|Win32.Build.0 = Release|Win32
		{FF37312A-368A-3902-B277-7900AB8B39C8}.Release|x64.ActiveCfg = Release|x64
		{FF37312A-368A-3902-B277-7900AB8B39C8}.Release|x64.Build.0 = Release|x64
		{FF37312A-368A-3902-B277-7900AB8B39C8}.Release|x86.ActiveCfg = Release|Win32
		{FF37312A-368A-3902-B277-7900AB8B39C8}.Release|x86.Build.0 = Release|Win32
		{FF37312A-368A-3902-B277-7900AB8B39C8}.RelWithDebInfo|Win32.ActiveCfg = RelWithDebInfo|Win32
		{FF37312A-368A-3902-B277-7900AB8B39C8}.RelWithDebInfo|Win32.Build.0 = RelWithDebInfo|Win32
		{FF37312A-368A-3902-B277-7900AB8B39C8}.RelWithDebInfo|x64.ActiveCfg = RelWithDebInfo|x64
		{FF37312A-368A-3902-B277-7900AB8B39C8}.RelWithDebInfo|x64.Build.0 = RelWithDebInfo|x64
		{FF37312A-368A-3902-B277-7900AB8B39C8}.RelWithDebInfo|x86.ActiveCfg = RelWithDebInfo|Win32
		{FF37312A-368A-3902-B277-7900AB8B39C8}.RelWithDebInfo|x86.Build.0 = RelWithDebInfo|Win32
		{FB9D8338-1841-3C05-89E4-12B8753E352F}.Debug|Win32.ActiveCfg = Debug|Win32
		{FB9D8338-1841-3C05-89E4-12B8753E352F}.Debug|Win32.Build.0 = Debug|Win32
		{FB9D8338-1841-3C05-89E4-12B8753E352F}.Debug|x64.ActiveCfg = Debug|x64
		{FB9D8338-1841-3C05-89E4-12B8753E352F}.Debug|x64.Build.0 = Debug|x64
		{FB9D8338-1841-3C05-89E4-12B8753E352F}.Debug|x86.ActiveCfg = Debug|Win32
		{FB9D8338-1841-3C05-89E4-12B8753E352F}.Debug|x86.Build.0 = Debug|Win32
		{FB9D8338-1841-3C05-89E4-12B8753E352F}.MinSizeRel|Win32.ActiveCfg = MinSizeRel|Win32
		{FB9D8338-1841-3C05-89E4-12B8753E352F}.MinSizeRel|Win32.Build.0 = MinSizeRel|Win32
		{FB9D8338-1841-3C05-89E4-12B8753E352F}.MinSizeRel|x64.ActiveCfg = MinSizeRel|x64
		{FB9D8338-1841-3C05-89E4-12B8753E352F}.MinSizeRel|x64.Build.0 = MinSizeRel|x64
		{FB9D8338-1841-3C05-89E4-12B8753E352F}.MinSizeRel|x86.ActiveCfg = MinSizeRel|Win32
		{FB9D8338-1841-3C05-89E4-12B8753E352F}.MinSizeRel|x86.Build.0 = MinSizeRel|Win32
		{FB9D8338-1841-3C05-89E4-12B8753E352F}.Release|Win32.ActiveCfg = Release|Win32
		{FB9D8338-1841-3C05-89E4-12B8753E352F}.Release|Win32.Build.0 = Release|Win32
		{FB9D8338-1841-3C05-89E4-12B8753E352F}.Release|x64.ActiveCfg = Release|x64
		{FB9D8338-1841-3C05-89E4-12B8753E352F}.Release|x64.Build.0 = Release|x64
		{FB9D8338-1841-3C05-89E4-12B8753E352F}.Release|x86.ActiveCfg = Release|Win32
		{FB9D8338-1841-3C05-89E4-12B8753E352F}.Release|x86.Build.0 = Release|Win32
		{FB9D8338-1841-3C05-89E4-12B8753E352F}.RelWithDebInfo|Win32.ActiveCfg = RelWithDebInfo|Win32
		{FB9D8338-1841-3C05-89E4-12B8753E352F}.RelWithDebInfo|Win32.Build.0 = RelWithDebInfo|Win32
		{FB9D8338-1841-3C05-89E4-12B8753E352F}.RelWithDebInfo|x64.ActiveCfg = RelWithDebInfo|x64
		{FB9D8338-1841-3C05-89E4-12B8753E352F}.RelWithDebInfo|x64.Build.0 = RelWithDebInfo|x64
		{FB9D8338-1841-3C05-89E4-12B8753E352F}.RelWithDebInfo|x86.ActiveCfg = RelWithDebInfo|Win32
		{FB9D8338-1841-3C05-89E4-12B8753E352F}.RelWithDebInfo|x86.Build.0 = RelWithDebInfo|Win32
	EndGlobalSection
	GlobalSection(SolutionProperties) = preSolution
		HideSolutionNode = FALSE
	EndGlobalSection
	GlobalSection(ExtensibilityGlobals) = postSolution
		SolutionGuid = {07DA6E25-300B-31AF-8A65-9E387E280D87}
	EndGlobalSection
EndGlobal
