<?xml version="1.0" encoding="utf-8"?>
<Project ToolsVersion="17.0" xmlns="http://schemas.microsoft.com/developer/msbuild/2003">
  <ItemGroup>
    <CustomBuild Include="F:\Code\github\MySQLiteCpp\vs2022_20240622\CMakeFiles\0094c879bcd1d28f01d35ec0d0c62580\SQLiteCpp_cpplint.rule">
      <Filter>CMake Rules</Filter>
    </CustomBuild>
    <CustomBuild Include="F:\Code\github\MySQLiteCpp\CMakeLists.txt" />
  </ItemGroup>
  <ItemGroup>
    <None Include="F:\Code\github\MySQLiteCpp\vs2022_20240622\CMakeFiles\SQLiteCpp_cpplint" />
  </ItemGroup>
  <ItemGroup>
    <Filter Include="CMake Rules">
      <UniqueIdentifier>{05C02C87-E2C2-3EC8-93E8-EF3F7D51BEB9}</UniqueIdentifier>
    </Filter>
  </ItemGroup>
</Project>
